// !$*UTF8*$!
{
	archiveVersion = 1;
	classes = {
	};
	objectVersion = 50;
	objects = {

/* Begin PBXBuildFile section */
		55E2730CAD6CA581908D6429 /* Pods_PixelCity.framework in Frameworks */ = {isa = PBXBuildFile; fileRef = 0A04DD74980A790A315E1294 /* Pods_PixelCity.framework */; };
		D100A88B215EA62C0056815C /* Draft.swift in Sources */ = {isa = PBXBuildFile; fileRef = D100A88A215EA62C0056815C /* Draft.swift */; };
		D1FE950E215B5CEF00B8D9A1 /* AppDelegate.swift in Sources */ = {isa = PBXBuildFile; fileRef = D1FE950D215B5CEF00B8D9A1 /* AppDelegate.swift */; };
		D1FE9510215B5CEF00B8D9A1 /* MapVC.swift in Sources */ = {isa = PBXBuildFile; fileRef = D1FE950F215B5CEF00B8D9A1 /* MapVC.swift */; };
		D1FE9513215B5CEF00B8D9A1 /* Main.storyboard in Resources */ = {isa = PBXBuildFile; fileRef = D1FE9511215B5CEF00B8D9A1 /* Main.storyboard */; };
		D1FE9515215B5CF300B8D9A1 /* Assets.xcassets in Resources */ = {isa = PBXBuildFile; fileRef = D1FE9514215B5CF300B8D9A1 /* Assets.xcassets */; };
		D1FE9518215B5CF300B8D9A1 /* LaunchScreen.storyboard in Resources */ = {isa = PBXBuildFile; fileRef = D1FE9516215B5CF300B8D9A1 /* LaunchScreen.storyboard */; };
		D1FE9529215B7B6E00B8D9A1 /* DroppablePin.swift in Sources */ = {isa = PBXBuildFile; fileRef = D1FE9528215B7B6E00B8D9A1 /* DroppablePin.swift */; };
		D1FE952B215B9CBE00B8D9A1 /* PhotoCell.swift in Sources */ = {isa = PBXBuildFile; fileRef = D1FE952A215B9CBE00B8D9A1 /* PhotoCell.swift */; };
		D1FE952D215BF43C00B8D9A1 /* Constants.swift in Sources */ = {isa = PBXBuildFile; fileRef = D1FE952C215BF43C00B8D9A1 /* Constants.swift */; };
		D1FECB73215F2C140009E0B2 /* PopVC.swift in Sources */ = {isa = PBXBuildFile; fileRef = D1FECB72215F2C140009E0B2 /* PopVC.swift */; };
/* End PBXBuildFile section */

/* Begin PBXFileReference section */
		045F8850884496DD16B99A7D /* Pods-PixelCity.release.xcconfig */ = {isa = PBXFileReference; includeInIndex = 1; lastKnownFileType = text.xcconfig; name = "Pods-PixelCity.release.xcconfig"; path = "Pods/Target Support Files/Pods-PixelCity/Pods-PixelCity.release.xcconfig"; sourceTree = "<group>"; };
		0A04DD74980A790A315E1294 /* Pods_PixelCity.framework */ = {isa = PBXFileReference; explicitFileType = wrapper.framework; includeInIndex = 0; path = Pods_PixelCity.framework; sourceTree = BUILT_PRODUCTS_DIR; };
		26EB80135B9A23D16D83A56E /* Pods-PixelCity.debug.xcconfig */ = {isa = PBXFileReference; includeInIndex = 1; lastKnownFileType = text.xcconfig; name = "Pods-PixelCity.debug.xcconfig"; path = "Pods/Target Support Files/Pods-PixelCity/Pods-PixelCity.debug.xcconfig"; sourceTree = "<group>"; };
		D100A88A215EA62C0056815C /* Draft.swift */ = {isa = PBXFileReference; lastKnownFileType = sourcecode.swift; path = Draft.swift; sourceTree = "<group>"; };
		D1FE950A215B5CEF00B8D9A1 /* PixelCity.app */ = {isa = PBXFileReference; explicitFileType = wrapper.application; includeInIndex = 0; path = PixelCity.app; sourceTree = BUILT_PRODUCTS_DIR; };
		D1FE950D215B5CEF00B8D9A1 /* AppDelegate.swift */ = {isa = PBXFileReference; lastKnownFileType = sourcecode.swift; path = AppDelegate.swift; sourceTree = "<group>"; };
		D1FE950F215B5CEF00B8D9A1 /* MapVC.swift */ = {isa = PBXFileReference; lastKnownFileType = sourcecode.swift; path = MapVC.swift; sourceTree = "<group>"; };
		D1FE9512215B5CEF00B8D9A1 /* Base */ = {isa = PBXFileReference; lastKnownFileType = file.storyboard; name = Base; path = Base.lproj/Main.storyboard; sourceTree = "<group>"; };
		D1FE9514215B5CF300B8D9A1 /* Assets.xcassets */ = {isa = PBXFileReference; lastKnownFileType = folder.assetcatalog; path = Assets.xcassets; sourceTree = "<group>"; };
		D1FE9517215B5CF300B8D9A1 /* Base */ = {isa = PBXFileReference; lastKnownFileType = file.storyboard; name = Base; path = Base.lproj/LaunchScreen.storyboard; sourceTree = "<group>"; };
		D1FE9519215B5CF300B8D9A1 /* Info.plist */ = {isa = PBXFileReference; lastKnownFileType = text.plist.xml; path = Info.plist; sourceTree = "<group>"; };
		D1FE9528215B7B6E00B8D9A1 /* DroppablePin.swift */ = {isa = PBXFileReference; lastKnownFileType = sourcecode.swift; path = DroppablePin.swift; sourceTree = "<group>"; };
		D1FE952A215B9CBE00B8D9A1 /* PhotoCell.swift */ = {isa = PBXFileReference; lastKnownFileType = sourcecode.swift; path = PhotoCell.swift; sourceTree = "<group>"; };
		D1FE952C215BF43C00B8D9A1 /* Constants.swift */ = {isa = PBXFileReference; lastKnownFileType = sourcecode.swift; path = Constants.swift; sourceTree = "<group>"; };
		D1FECB72215F2C140009E0B2 /* PopVC.swift */ = {isa = PBXFileReference; lastKnownFileType = sourcecode.swift; path = PopVC.swift; sourceTree = "<group>"; };
/* End PBXFileReference section */

/* Begin PBXFrameworksBuildPhase section */
		D1FE9507215B5CEF00B8D9A1 /* Frameworks */ = {
			isa = PBXFrameworksBuildPhase;
			buildActionMask = 2147483647;
			files = (
				55E2730CAD6CA581908D6429 /* Pods_PixelCity.framework in Frameworks */,
			);
			runOnlyForDeploymentPostprocessing = 0;
		};
/* End PBXFrameworksBuildPhase section */

/* Begin PBXGroup section */
		D1FE9501215B5CEE00B8D9A1 = {
			isa = PBXGroup;
			children = (
				D1FE950C215B5CEF00B8D9A1 /* PixelCity */,
				D1FE950B215B5CEF00B8D9A1 /* Products */,
				F9420CA50A892E33DEFCCF34 /* Pods */,
				DB4B72E4B002D26400F0D7C3 /* Frameworks */,
			);
			sourceTree = "<group>";
		};
		D1FE950B215B5CEF00B8D9A1 /* Products */ = {
			isa = PBXGroup;
			children = (
				D1FE950A215B5CEF00B8D9A1 /* PixelCity.app */,
			);
			name = Products;
			sourceTree = "<group>";
		};
		D1FE950C215B5CEF00B8D9A1 /* PixelCity */ = {
			isa = PBXGroup;
			children = (
				D1FE9523215B623F00B8D9A1 /* Extension */,
				D1FE9522215B5D2800B8D9A1 /* Utilities */,
				D1FE9521215B5D1300B8D9A1 /* Model */,
				D1FE9520215B5D0D00B8D9A1 /* View */,
				D1FE951F215B5D0300B8D9A1 /* Controller */,
				D1FE9511215B5CEF00B8D9A1 /* Main.storyboard */,
				D1FE950D215B5CEF00B8D9A1 /* AppDelegate.swift */,
				D1FE9514215B5CF300B8D9A1 /* Assets.xcassets */,
				D1FE9516215B5CF300B8D9A1 /* LaunchScreen.storyboard */,
				D1FE9519215B5CF300B8D9A1 /* Info.plist */,
			);
			path = PixelCity;
			sourceTree = "<group>";
		};
		D1FE951F215B5D0300B8D9A1 /* Controller */ = {
			isa = PBXGroup;
			children = (
				D1FE950F215B5CEF00B8D9A1 /* MapVC.swift */,
				D1FECB72215F2C140009E0B2 /* PopVC.swift */,
			);
			path = Controller;
			sourceTree = "<group>";
		};
		D1FE9520215B5D0D00B8D9A1 /* View */ = {
			isa = PBXGroup;
			children = (
				D1FE9528215B7B6E00B8D9A1 /* DroppablePin.swift */,
				D1FE952A215B9CBE00B8D9A1 /* PhotoCell.swift */,
			);
			path = View;
			sourceTree = "<group>";
		};
		D1FE9521215B5D1300B8D9A1 /* Model */ = {
			isa = PBXGroup;
			children = (
			);
			path = Model;
			sourceTree = "<group>";
		};
		D1FE9522215B5D2800B8D9A1 /* Utilities */ = {
			isa = PBXGroup;
			children = (
				D1FE952C215BF43C00B8D9A1 /* Constants.swift */,
				D100A88A215EA62C0056815C /* Draft.swift */,
			);
			path = Utilities;
			sourceTree = "<group>";
		};
		D1FE9523215B623F00B8D9A1 /* Extension */ = {
			isa = PBXGroup;
			children = (
			);
			path = Extension;
			sourceTree = "<group>";
		};
		DB4B72E4B002D26400F0D7C3 /* Frameworks */ = {
			isa = PBXGroup;
			children = (
				0A04DD74980A790A315E1294 /* Pods_PixelCity.framework */,
			);
			name = Frameworks;
			sourceTree = "<group>";
		};
		F9420CA50A892E33DEFCCF34 /* Pods */ = {
			isa = PBXGroup;
			children = (
				26EB80135B9A23D16D83A56E /* Pods-PixelCity.debug.xcconfig */,
				045F8850884496DD16B99A7D /* Pods-PixelCity.release.xcconfig */,
			);
			name = Pods;
			sourceTree = "<group>";
		};
/* End PBXGroup section */

/* Begin PBXNativeTarget section */
		D1FE9509215B5CEF00B8D9A1 /* PixelCity */ = {
			isa = PBXNativeTarget;
			buildConfigurationList = D1FE951C215B5CF300B8D9A1 /* Build configuration list for PBXNativeTarget "PixelCity" */;
			buildPhases = (
				3934E1F1504A58E976F98657 /* [CP] Check Pods Manifest.lock */,
				D1FE9506215B5CEF00B8D9A1 /* Sources */,
				D1FE9507215B5CEF00B8D9A1 /* Frameworks */,
				D1FE9508215B5CEF00B8D9A1 /* Resources */,
				8365E75656B4F8B8D843B424 /* [CP] Embed Pods Frameworks */,
			);
			buildRules = (
			);
			dependencies = (
			);
			name = PixelCity;
			productName = PixelCity;
			productReference = D1FE950A215B5CEF00B8D9A1 /* PixelCity.app */;
			productType = "com.apple.product-type.application";
		};
/* End PBXNativeTarget section */

/* Begin PBXProject section */
		D1FE9502215B5CEE00B8D9A1 /* Project object */ = {
			isa = PBXProject;
			attributes = {
				LastSwiftUpdateCheck = 0940;
				LastUpgradeCheck = 0940;
				ORGANIZATIONNAME = "Sultan Karybaev";
				TargetAttributes = {
					D1FE9509215B5CEF00B8D9A1 = {
						CreatedOnToolsVersion = 9.4.1;
					};
				};
			};
			buildConfigurationList = D1FE9505215B5CEF00B8D9A1 /* Build configuration list for PBXProject "PixelCity" */;
			compatibilityVersion = "Xcode 9.3";
			developmentRegion = en;
			hasScannedForEncodings = 0;
			knownRegions = (
				en,
				Base,
			);
			mainGroup = D1FE9501215B5CEE00B8D9A1;
			productRefGroup = D1FE950B215B5CEF00B8D9A1 /* Products */;
			projectDirPath = "";
			projectRoot = "";
			targets = (
				D1FE9509215B5CEF00B8D9A1 /* PixelCity */,
			);
		};
/* End PBXProject section */

/* Begin PBXResourcesBuildPhase section */
		D1FE9508215B5CEF00B8D9A1 /* Resources */ = {
			isa = PBXResourcesBuildPhase;
			buildActionMask = 2147483647;
			files = (
				D1FE9518215B5CF300B8D9A1 /* LaunchScreen.storyboard in Resources */,
				D1FE9515215B5CF300B8D9A1 /* Assets.xcassets in Resources */,
				D1FE9513215B5CEF00B8D9A1 /* Main.storyboard in Resources */,
			);
			runOnlyForDeploymentPostprocessing = 0;
		};
/* End PBXResourcesBuildPhase section */

/* Begin PBXShellScriptBuildPhase section */
		3934E1F1504A58E976F98657 /* [CP] Check Pods Manifest.lock */ = {
			isa = PBXShellScriptBuildPhase;
			buildActionMask = 2147483647;
			files = (
			);
			inputPaths = (
				"${PODS_PODFILE_DIR_PATH}/Podfile.lock",
				"${PODS_ROOT}/Manifest.lock",
			);
			name = "[CP] Check Pods Manifest.lock";
			outputPaths = (
				"$(DERIVED_FILE_DIR)/Pods-PixelCity-checkManifestLockResult.txt",
			);
			runOnlyForDeploymentPostprocessing = 0;
			shellPath = /bin/sh;
			shellScript = "diff \"${PODS_PODFILE_DIR_PATH}/Podfile.lock\" \"${PODS_ROOT}/Manifest.lock\" > /dev/null\nif [ $? != 0 ] ; then\n    # print error to STDERR\n    echo \"error: The sandbox is not in sync with the Podfile.lock. Run 'pod install' or update your CocoaPods installation.\" >&2\n    exit 1\nfi\n# This output is used by Xcode 'outputs' to avoid re-running this script phase.\necho \"SUCCESS\" > \"${SCRIPT_OUTPUT_FILE_0}\"\n";
			showEnvVarsInLog = 0;
		};
		8365E75656B4F8B8D843B424 /* [CP] Embed Pods Frameworks */ = {
			isa = PBXShellScriptBuildPhase;
			buildActionMask = 2147483647;
			files = (
			);
			inputPaths = (
				"${SRCROOT}/Pods/Target Support Files/Pods-PixelCity/Pods-PixelCity-frameworks.sh",
				"${BUILT_PRODUCTS_DIR}/Alamofire/Alamofire.framework",
				"${BUILT_PRODUCTS_DIR}/AlamofireImage/AlamofireImage.framework",
			);
			name = "[CP] Embed Pods Frameworks";
			outputPaths = (
				"${TARGET_BUILD_DIR}/${FRAMEWORKS_FOLDER_PATH}/Alamofire.framework",
				"${TARGET_BUILD_DIR}/${FRAMEWORKS_FOLDER_PATH}/AlamofireImage.framework",
			);
			runOnlyForDeploymentPostprocessing = 0;
			shellPath = /bin/sh;
			shellScript = "\"${SRCROOT}/Pods/Target Support Files/Pods-PixelCity/Pods-PixelCity-frameworks.sh\"\n";
			showEnvVarsInLog = 0;
		};
/* End PBXShellScriptBuildPhase section */

/* Begin PBXSourcesBuildPhase section */
		D1FE9506215B5CEF00B8D9A1 /* Sources */ = {
			isa = PBXSourcesBuildPhase;
			buildActionMask = 2147483647;
			files = (
				D1FE952D215BF43C00B8D9A1 /* Constants.swift in Sources */,
				D100A88B215EA62C0056815C /* Draft.swift in Sources */,
				D1FECB73215F2C140009E0B2 /* PopVC.swift in Sources */,
				D1FE952B215B9CBE00B8D9A1 /* PhotoCell.swift in Sources */,
				D1FE9510215B5CEF00B8D9A1 /* MapVC.swift in Sources */,
				D1FE9529215B7B6E00B8D9A1 /* DroppablePin.swift in Sources */,
				D1FE950E215B5CEF00B8D9A1 /* AppDelegate.swift in Sources */,
			);
			runOnlyForDeploymentPostprocessing = 0;
		};
/* End PBXSourcesBuildPhase section */

/* Begin PBXVariantGroup section */
		D1FE9511215B5CEF00B8D9A1 /* Main.storyboard */ = {
			isa = PBXVariantGroup;
			children = (
				D1FE9512215B5CEF00B8D9A1 /* Base */,
			);
			name = Main.storyboard;
			sourceTree = "<group>";
		};
		D1FE9516215B5CF300B8D9A1 /* LaunchScreen.storyboard */ = {
			isa = PBXVariantGroup;
			children = (
				D1FE9517215B5CF300B8D9A1 /* Base */,
			);
			name = LaunchScreen.storyboard;
			sourceTree = "<group>";
		};
/* End PBXVariantGroup section */

/* Begin XCBuildConfiguration section */
		D1FE951A215B5CF300B8D9A1 /* Debug */ = {
			isa = XCBuildConfiguration;
			buildSettings = {
				ALWAYS_SEARCH_USER_PATHS = NO;
				CLANG_ANALYZER_NONNULL = YES;
				CLANG_ANALYZER_NUMBER_OBJECT_CONVERSION = YES_AGGRESSIVE;
				CLANG_CXX_LANGUAGE_STANDARD = "gnu++14";
				CLANG_CXX_LIBRARY = "libc++";
				CLANG_ENABLE_MODULES = YES;
				CLANG_ENABLE_OBJC_ARC = YES;
				CLANG_ENABLE_OBJC_WEAK = YES;
				CLANG_WARN_BLOCK_CAPTURE_AUTORELEASING = YES;
				CLANG_WARN_BOOL_CONVERSION = YES;
				CLANG_WARN_COMMA = YES;
				CLANG_WARN_CONSTANT_CONVERSION = YES;
				CLANG_WARN_DEPRECATED_OBJC_IMPLEMENTATIONS = YES;
				CLANG_WARN_DIRECT_OBJC_ISA_USAGE = YES_ERROR;
				CLANG_WARN_DOCUMENTATION_COMMENTS = YES;
				CLANG_WARN_EMPTY_BODY = YES;
				CLANG_WARN_ENUM_CONVERSION = YES;
				CLANG_WARN_INFINITE_RECURSION = YES;
				CLANG_WARN_INT_CONVERSION = YES;
				CLANG_WARN_NON_LITERAL_NULL_CONVERSION = YES;
				CLANG_WARN_OBJC_IMPLICIT_RETAIN_SELF = YES;
				CLANG_WARN_OBJC_LITERAL_CONVERSION = YES;
				CLANG_WARN_OBJC_ROOT_CLASS = YES_ERROR;
				CLANG_WARN_RANGE_LOOP_ANALYSIS = YES;
				CLANG_WARN_STRICT_PROTOTYPES = YES;
				CLANG_WARN_SUSPICIOUS_MOVE = YES;
				CLANG_WARN_UNGUARDED_AVAILABILITY = YES_AGGRESSIVE;
				CLANG_WARN_UNREACHABLE_CODE = YES;
				CLANG_WARN__DUPLICATE_METHOD_MATCH = YES;
				CODE_SIGN_IDENTITY = "iPhone Developer";
				COPY_PHASE_STRIP = NO;
				DEBUG_INFORMATION_FORMAT = dwarf;
				ENABLE_STRICT_OBJC_MSGSEND = YES;
				ENABLE_TESTABILITY = YES;
				GCC_C_LANGUAGE_STANDARD = gnu11;
				GCC_DYNAMIC_NO_PIC = NO;
				GCC_NO_COMMON_BLOCKS = YES;
				GCC_OPTIMIZATION_LEVEL = 0;
				GCC_PREPROCESSOR_DEFINITIONS = (
					"DEBUG=1",
					"$(inherited)",
				);
				GCC_WARN_64_TO_32_BIT_CONVERSION = YES;
				GCC_WARN_ABOUT_RETURN_TYPE = YES_ERROR;
				GCC_WARN_UNDECLARED_SELECTOR = YES;
				GCC_WARN_UNINITIALIZED_AUTOS = YES_AGGRESSIVE;
				GCC_WARN_UNUSED_FUNCTION = YES;
				GCC_WARN_UNUSED_VARIABLE = YES;
				IPHONEOS_DEPLOYMENT_TARGET = 11.4;
				MTL_ENABLE_DEBUG_INFO = YES;
				ONLY_ACTIVE_ARCH = YES;
				SDKROOT = iphoneos;
				SWIFT_ACTIVE_COMPILATION_CONDITIONS = DEBUG;
				SWIFT_OPTIMIZATION_LEVEL = "-Onone";
			};
			name = Debug;
		};
		D1FE951B215B5CF300B8D9A1 /* Release */ = {
			isa = XCBuildConfiguration;
			buildSettings = {
				ALWAYS_SEARCH_USER_PATHS = NO;
				CLANG_ANALYZER_NONNULL = YES;
				CLANG_ANALYZER_NUMBER_OBJECT_CONVERSION = YES_AGGRESSIVE;
				CLANG_CXX_LANGUAGE_STANDARD = "gnu++14";
				CLANG_CXX_LIBRARY = "libc++";
				CLANG_ENABLE_MODULES = YES;
				CLANG_ENABLE_OBJC_ARC = YES;
				CLANG_ENABLE_OBJC_WEAK = YES;
				CLANG_WARN_BLOCK_CAPTURE_AUTORELEASING = YES;
				CLANG_WARN_BOOL_CONVERSION = YES;
				CLANG_WARN_COMMA = YES;
				CLANG_WARN_CONSTANT_CONVERSION = YES;
				CLANG_WARN_DEPRECATED_OBJC_IMPLEMENTATIONS = YES;
				CLANG_WARN_DIRECT_OBJC_ISA_USAGE = YES_ERROR;
				CLANG_WARN_DOCUMENTATION_COMMENTS = YES;
				CLANG_WARN_EMPTY_BODY = YES;
				CLANG_WARN_ENUM_CONVERSION = YES;
				CLANG_WARN_INFINITE_RECURSION = YES;
				CLANG_WARN_INT_CONVERSION = YES;
				CLANG_WARN_NON_LITERAL_NULL_CONVERSION = YES;
				CLANG_WARN_OBJC_IMPLICIT_RETAIN_SELF = YES;
				CLANG_WARN_OBJC_LITERAL_CONVERSION = YES;
				CLANG_WARN_OBJC_ROOT_CLASS = YES_ERROR;
				CLANG_WARN_RANGE_LOOP_ANALYSIS = YES;
				CLANG_WARN_STRICT_PROTOTYPES = YES;
				CLANG_WARN_SUSPICIOUS_MOVE = YES;
				CLANG_WARN_UNGUARDED_AVAILABILITY = YES_AGGRESSIVE;
				CLANG_WARN_UNREACHABLE_CODE = YES;
				CLANG_WARN__DUPLICATE_METHOD_MATCH = YES;
				CODE_SIGN_IDENTITY = "iPhone Developer";
				COPY_PHASE_STRIP = NO;
				DEBUG_INFORMATION_FORMAT = "dwarf-with-dsym";
				ENABLE_NS_ASSERTIONS = NO;
				ENABLE_STRICT_OBJC_MSGSEND = YES;
				GCC_C_LANGUAGE_STANDARD = gnu11;
				GCC_NO_COMMON_BLOCKS = YES;
				GCC_WARN_64_TO_32_BIT_CONVERSION = YES;
				GCC_WARN_ABOUT_RETURN_TYPE = YES_ERROR;
				GCC_WARN_UNDECLARED_SELECTOR = YES;
				GCC_WARN_UNINITIALIZED_AUTOS = YES_AGGRESSIVE;
				GCC_WARN_UNUSED_FUNCTION = YES;
				GCC_WARN_UNUSED_VARIABLE = YES;
				IPHONEOS_DEPLOYMENT_TARGET = 11.4;
				MTL_ENABLE_DEBUG_INFO = NO;
				SDKROOT = iphoneos;
				SWIFT_COMPILATION_MODE = wholemodule;
				SWIFT_OPTIMIZATION_LEVEL = "-O";
				VALIDATE_PRODUCT = YES;
			};
			name = Release;
		};
		D1FE951D215B5CF300B8D9A1 /* Debug */ = {
			isa = XCBuildConfiguration;
			baseConfigurationReference = 26EB80135B9A23D16D83A56E /* Pods-PixelCity.debug.xcconfig */;
			buildSettings = {
				ASSETCATALOG_COMPILER_APPICON_NAME = AppIcon;
				CODE_SIGN_STYLE = Automatic;
				DEVELOPMENT_TEAM = 78TPJ6Q7L6;
				INFOPLIST_FILE = PixelCity/Info.plist;
				LD_RUNPATH_SEARCH_PATHS = (
					"$(inherited)",
					"@executable_path/Frameworks",
				);
				PRODUCT_BUNDLE_IDENTIFIER = com.sultankarybaev.PixelCity;
				PRODUCT_NAME = "$(TARGET_NAME)";
				SWIFT_VERSION = 4.0;
				TARGETED_DEVICE_FAMILY = "1,2";
			};
			name = Debug;
		};
		D1FE951E215B5CF300B8D9A1 /* Release */ = {
			isa = XCBuildConfiguration;
			baseConfigurationReference = 045F8850884496DD16B99A7D /* Pods-PixelCity.release.xcconfig */;
			buildSettings = {
				ASSETCATALOG_COMPILER_APPICON_NAME = AppIcon;
				CODE_SIGN_STYLE = Automatic;
				DEVELOPMENT_TEAM = 78TPJ6Q7L6;
				INFOPLIST_FILE = PixelCity/Info.plist;
				LD_RUNPATH_SEARCH_PATHS = (
					"$(inherited)",
					"@executable_path/Frameworks",
				);
				PRODUCT_BUNDLE_IDENTIFIER = com.sultankarybaev.PixelCity;
				PRODUCT_NAME = "$(TARGET_NAME)";
				SWIFT_VERSION = 4.0;
				TARGETED_DEVICE_FAMILY = "1,2";
			};
			name = Release;
		};
/* End XCBuildConfiguration section */

/* Begin XCConfigurationList section */
		D1FE9505215B5CEF00B8D9A1 /* Build configuration list for PBXProject "PixelCity" */ = {
			isa = XCConfigurationList;
			buildConfigurations = (
				D1FE951A215B5CF300B8D9A1 /* Debug */,
				D1FE951B215B5CF300B8D9A1 /* Release */,
			);
			defaultConfigurationIsVisible = 0;
			defaultConfigurationName = Release;
		};
		D1FE951C215B5CF300B8D9A1 /* Build configuration list for PBXNativeTarget "PixelCity" */ = {
			isa = XCConfigurationList;
			buildConfigurations = (
				D1FE951D215B5CF300B8D9A1 /* Debug */,
				D1FE951E215B5CF300B8D9A1 /* Release */,
			);
			defaultConfigurationIsVisible = 0;
			defaultConfigurationName = Release;
		};
/* End XCConfigurationList section */
	};
	rootObject = D1FE9502215B5CEE00B8D9A1 /* Project object */;
}
